Microsoft Visual Studio Solution File, Format Version 12.00
# Visual Studio Version 17
VisualStudioVersion = 17.14.36616.10 d17.14
MinimumVisualStudioVersion = 10.0.40219.1
Project("{FAE04EC0-301F-11D3-BF4B-00C04F79EFBC}") = "SummitDemo.AppHost", "SummitDemo.AppHost\SummitDemo.AppHost.csproj", "{745E714B-8B8B-4CD9-B052-712F315BF476}"
EndProject
Project("{FAE04EC0-301F-11D3-BF4B-00C04F79EFBC}") = "SummitDemo.ServiceDefaults", "SummitDemo.ServiceDefaults\SummitDemo.ServiceDefaults.csproj", "{868BBFE3-C53B-5AA5-D960-9495ACA95374}"
EndProject
Project("{FAE04EC0-301F-11D3-BF4B-00C04F79EFBC}") = "SummitDemo.ApiService", "SummitDemo.ApiService\SummitDemo.ApiService.csproj", "{80711E70-4A9D-945A-FD90-41B934EF3D30}"
EndProject
Project("{FAE04EC0-301F-11D3-BF4B-00C04F79EFBC}") = "SummitDemo.Web", "SummitDemo.Web\SummitDemo.Web.csproj", "{9BDC8024-CED2-4DF0-B53C-EA4ED5D0248F}"
EndProject
Global
	GlobalSection(SolutionConfigurationPlatforms) = preSolution
		Debug|Any CPU = Debug|Any CPU
		Release|Any CPU = Release|Any CPU
	EndGlobalSection
	GlobalSection(ProjectConfigurationPlatforms) = postSolution
		{745E714B-8B8B-4CD9-B052-712F315BF476}.Debug|Any CPU.ActiveCfg = Debug|Any CPU
		{745E714B-8B8B-4CD9-B052-712F315BF476}.Debug|Any CPU.Build.0 = Debug|Any CPU
		{745E714B-8B8B-4CD9-B052-712F315BF476}.Release|Any CPU.ActiveCfg = Release|Any CPU
		{745E714B-8B8B-4CD9-B052-712F315BF476}.Release|Any CPU.Build.0 = Release|Any CPU
		{868BBFE3-C53B-5AA5-D960-9495ACA95374}.Debug|Any CPU.ActiveCfg = Debug|Any CPU
		{868BBFE3-C53B-5AA5-D960-9495ACA95374}.Debug|Any CPU.Build.0 = Debug|Any CPU
		{868BBFE3-C53B-5AA5-D960-9495ACA95374}.Release|Any CPU.ActiveCfg = Release|Any CPU
		{868BBFE3-C53B-5AA5-D960-9495ACA95374}.Release|Any CPU.Build.0 = Release|Any CPU
		{80711E70-4A9D-945A-FD90-41B934EF3D30}.Debug|Any CPU.ActiveCfg = Debug|Any CPU
		{80711E70-4A9D-945A-FD90-41B934EF3D30}.Debug|Any CPU.Build.0 = Debug|Any CPU
		{80711E70-4A9D-945A-FD90-41B934EF3D30}.Release|Any CPU.ActiveCfg = Release|Any CPU
		{80711E70-4A9D-945A-FD90-41B934EF3D30}.Release|Any CPU.Build.0 = Release|Any CPU
		{9BDC8024-CED2-4DF0-B53C-EA4ED5D0248F}.Debug|Any CPU.ActiveCfg = Debug|Any CPU
		{9BDC8024-CED2-4DF0-B53C-EA4ED5D0248F}.Debug|Any CPU.Build.0 = Debug|Any CPU
		{9BDC8024-CED2-4DF0-B53C-EA4ED5D0248F}.Release|Any CPU.ActiveCfg = Release|Any CPU
		{9BDC8024-CED2-4DF0-B53C-EA4ED5D0248F}.Release|Any CPU.Build.0 = Release|Any CPU
	EndGlobalSection
	GlobalSection(SolutionProperties) = preSolution
		HideSolutionNode = FALSE
	EndGlobalSection
	GlobalSection(ExtensibilityGlobals) = postSolution
		SolutionGuid = {06B108AA-CA0C-495E-9BD7-8DAD6ACC6EB9}
	EndGlobalSection
EndGlobal
